SITE
  remote: https://supermarket.getchef.com/api/v1
  specs:
    build-essential (3.2.0)
      seven_zip (>= 0.0.0)
    dmg (3.1.0)
    homebrew (3.0.0)
    mingw (0.1.1)
      seven_zip (>= 0.0.0)
    ohai (5.0.0)
    seven_zip (2.0.2)
      windows (>= 1.2.2)
    windows (3.0.1)
      ohai (>= 4.0.0)

GIT
  remote: https://github.com/dhoer/chef-chrome
  ref: master
  sha: 00e7f0ec4ee91358fdfa95177f772da69ff2aca7
  specs:
    chrome (3.0.0)
      dmg (>= 3.0)

GIT
  remote: https://github.com/sprout-wrap-linux/sprout-apt-install
  ref: master
  sha: 967bc648be6e66acafbf7838a453c11f322dee0f
  specs:
    sprout-apt-install (0.2.0)
      sprout-base (>= 0.0.0)

GIT
  remote: https://github.com/sprout-wrap-linux/sprout-base
  ref: master
  sha: 404de9b567db9484e4d4a9c2710f1f53aec3fcda
  specs:
    sprout-base (0.5.0)
      homebrew (>= 0.0.0)

GIT
  remote: https://github.com/sprout-wrap-linux/sprout-direnv
  ref: master
  sha: 631d34274820a41900e92d0bcce770c446e0a6d0
  specs:
    sprout-direnv (0.1.0)
      sprout-base (>= 0.0.0)

GIT
  remote: https://github.com/sprout-wrap-linux/sprout-git
  ref: master
  sha: 3dcbec6bce313d1421f4d30d007c425f12a9f864
  specs:
    sprout-git (0.3.1)
      homebrew (>= 0.0.0)
      sprout-base (>= 0.0.0)

GIT
  remote: https://github.com/sprout-wrap-linux/sprout-vim
  ref: master
  sha: ee85ec6f64b84d66ff059dd4079c7a8613c104e1
  specs:
    sprout-vim (0.3.0)
      homebrew (>= 0.0.0)
      sprout-base (>= 0.0.0)

DEPENDENCIES
  build-essential (= 3.2.0)
  chrome (>= 0)
  mingw (= 0.1.1)
  sprout-apt-install (>= 0)
  sprout-base (>= 0)
  sprout-direnv (>= 0)
  sprout-git (>= 0)
  sprout-vim (>= 0)

